
Microsoft Visual Studio Solution File, Format Version 12.00
# Visual Studio Version 16
VisualStudioVersion = 16.0.30225.117
MinimumVisualStudioVersion = 10.0.40219.1
Project("{FAE04EC0-301F-11D3-BF4B-00C04F79EFBC}") = "K1_S6", "K1_S6.csproj", "{5FB920A7-4C49-4C7B-A28E-356BC0BB278C}"
EndProject
Global
	GlobalSection(SolutionConfigurationPlatforms) = preSolution
		Debug|Any CPU = Debug|Any CPU
		Release|Any CPU = Release|Any CPU
	EndGlobalSection
	GlobalSection(ProjectConfigurationPlatforms) = postSolution
		{5FB920A7-4C49-4C7B-A28E-356BC0BB278C}.Debug|Any CPU.ActiveCfg = Debug|Any CPU
		{5FB920A7-4C49-4C7B-A28E-356BC0BB278C}.Debug|Any CPU.Build.0 = Debug|Any CPU
		{5FB920A7-4C49-4C7B-A28E-356BC0BB278C}.Release|Any CPU.ActiveCfg = Release|Any CPU
		{5FB920A7-4C49-4C7B-A28E-356BC0BB278C}.Release|Any CPU.Build.0 = Release|Any CPU
	EndGlobalSection
	GlobalSection(SolutionProperties) = preSolution
		HideSolutionNode = FALSE
	EndGlobalSection
	GlobalSection(ExtensibilityGlobals) = postSolution
		SolutionGuid = {C0F36771-8BC1-4D5B-83BB-6C3FD2B3F574}
	EndGlobalSection
EndGlobal
